// !$*UTF8*$!
{
	archiveVersion = 1;
	classes = {
	};
	objectVersion = 46;
	objects = {

/* Begin PBXBuildFile section */
		1413E9EB1D085721008350D4 /* BCChatServer.h in Headers */ = {isa = PBXBuildFile; fileRef = 1413E9E91D085721008350D4 /* BCChatServer.h */; settings = {ATTRIBUTES = (Public, ); }; };
		1413E9EC1D085721008350D4 /* BCChatServer.m in Sources */ = {isa = PBXBuildFile; fileRef = 1413E9EA1D085721008350D4 /* BCChatServer.m */; };
		1413E9F51D0857DF008350D4 /* CoreBluetooth.framework in Frameworks */ = {isa = PBXBuildFile; fileRef = 1413E9F41D0857DF008350D4 /* CoreBluetooth.framework */; };
		1413E9FB1D085EE7008350D4 /* BCConstants.h in Headers */ = {isa = PBXBuildFile; fileRef = 1413E9FA1D085EE7008350D4 /* BCConstants.h */; settings = {ATTRIBUTES = (Public, ); }; };
		1413E9FD1D085F00008350D4 /* BCConstants.m in Sources */ = {isa = PBXBuildFile; fileRef = 1413E9FC1D085F00008350D4 /* BCConstants.m */; };
		1438D01E1D0AD0DA00321A02 /* BCMessage.h in Headers */ = {isa = PBXBuildFile; fileRef = 1438D01C1D0AD0DA00321A02 /* BCMessage.h */; settings = {ATTRIBUTES = (Public, ); }; };
		1438D01F1D0AD0DA00321A02 /* BCMessage.m in Sources */ = {isa = PBXBuildFile; fileRef = 1438D01D1D0AD0DA00321A02 /* BCMessage.m */; };
		1438D0221D0AD18D00321A02 /* BCMessageManager.h in Headers */ = {isa = PBXBuildFile; fileRef = 1438D0201D0AD18D00321A02 /* BCMessageManager.h */; settings = {ATTRIBUTES = (Public, ); }; };
		1438D0231D0AD18D00321A02 /* BCMessageManager.m in Sources */ = {isa = PBXBuildFile; fileRef = 1438D0211D0AD18D00321A02 /* BCMessageManager.m */; };
		1438D0251D0AEB7400321A02 /* BCChatManagerInterface.h in Headers */ = {isa = PBXBuildFile; fileRef = 1438D0241D0AEB7400321A02 /* BCChatManagerInterface.h */; settings = {ATTRIBUTES = (Public, ); }; };
		1438D02B1D0BB88300321A02 /* BCChatClient.h in Headers */ = {isa = PBXBuildFile; fileRef = 1438D0291D0BB88300321A02 /* BCChatClient.h */; };
		1438D02C1D0BB88300321A02 /* BCChatClient.m in Sources */ = {isa = PBXBuildFile; fileRef = 1438D02A1D0BB88300321A02 /* BCChatClient.m */; };
		1438D02F1D0BB9A700321A02 /* BCChatServerInfo.h in Headers */ = {isa = PBXBuildFile; fileRef = 1438D02D1D0BB9A700321A02 /* BCChatServerInfo.h */; };
		1438D0301D0BB9A700321A02 /* BCChatServerInfo.m in Sources */ = {isa = PBXBuildFile; fileRef = 1438D02E1D0BB9A700321A02 /* BCChatServerInfo.m */; };
		147611EC1D08491D0030307C /* BlueChatLib.h in Headers */ = {isa = PBXBuildFile; fileRef = 147611EB1D08491D0030307C /* BlueChatLib.h */; settings = {ATTRIBUTES = (Public, ); }; };
		147611F31D08491D0030307C /* BlueChatLib.framework in Frameworks */ = {isa = PBXBuildFile; fileRef = 147611E81D08491D0030307C /* BlueChatLib.framework */; };
		147611F81D08491D0030307C /* BlueChatLibTests.m in Sources */ = {isa = PBXBuildFile; fileRef = 147611F71D08491D0030307C /* BlueChatLibTests.m */; };
/* End PBXBuildFile section */

/* Begin PBXContainerItemProxy section */
		147611F41D08491D0030307C /* PBXContainerItemProxy */ = {
			isa = PBXContainerItemProxy;
			containerPortal = 147611DF1D08491D0030307C /* Project object */;
			proxyType = 1;
			remoteGlobalIDString = 147611E71D08491D0030307C;
			remoteInfo = BlueChatLib;
		};
/* End PBXContainerItemProxy section */

/* Begin PBXFileReference section */
		1413E9E91D085721008350D4 /* BCChatServer.h */ = {isa = PBXFileReference; fileEncoding = 4; lastKnownFileType = sourcecode.c.h; path = BCChatServer.h; sourceTree = "<group>"; };
		1413E9EA1D085721008350D4 /* BCChatServer.m */ = {isa = PBXFileReference; fileEncoding = 4; lastKnownFileType = sourcecode.c.objc; path = BCChatServer.m; sourceTree = "<group>"; };
		1413E9F41D0857DF008350D4 /* CoreBluetooth.framework */ = {isa = PBXFileReference; lastKnownFileType = wrapper.framework; name = CoreBluetooth.framework; path = System/Library/Frameworks/CoreBluetooth.framework; sourceTree = SDKROOT; };
		1413E9FA1D085EE7008350D4 /* BCConstants.h */ = {isa = PBXFileReference; fileEncoding = 4; lastKnownFileType = sourcecode.c.h; path = BCConstants.h; sourceTree = "<group>"; };
		1413E9FC1D085F00008350D4 /* BCConstants.m */ = {isa = PBXFileReference; fileEncoding = 4; lastKnownFileType = sourcecode.c.objc; path = BCConstants.m; sourceTree = "<group>"; };
		1438D01C1D0AD0DA00321A02 /* BCMessage.h */ = {isa = PBXFileReference; fileEncoding = 4; lastKnownFileType = sourcecode.c.h; path = BCMessage.h; sourceTree = "<group>"; };
		1438D01D1D0AD0DA00321A02 /* BCMessage.m */ = {isa = PBXFileReference; fileEncoding = 4; lastKnownFileType = sourcecode.c.objc; path = BCMessage.m; sourceTree = "<group>"; };
		1438D0201D0AD18D00321A02 /* BCMessageManager.h */ = {isa = PBXFileReference; fileEncoding = 4; lastKnownFileType = sourcecode.c.h; path = BCMessageManager.h; sourceTree = "<group>"; };
		1438D0211D0AD18D00321A02 /* BCMessageManager.m */ = {isa = PBXFileReference; fileEncoding = 4; lastKnownFileType = sourcecode.c.objc; path = BCMessageManager.m; sourceTree = "<group>"; };
		1438D0241D0AEB7400321A02 /* BCChatManagerInterface.h */ = {isa = PBXFileReference; fileEncoding = 4; lastKnownFileType = sourcecode.c.h; path = BCChatManagerInterface.h; sourceTree = "<group>"; };
		1438D0291D0BB88300321A02 /* BCChatClient.h */ = {isa = PBXFileReference; fileEncoding = 4; lastKnownFileType = sourcecode.c.h; path = BCChatClient.h; sourceTree = "<group>"; };
		1438D02A1D0BB88300321A02 /* BCChatClient.m */ = {isa = PBXFileReference; fileEncoding = 4; lastKnownFileType = sourcecode.c.objc; path = BCChatClient.m; sourceTree = "<group>"; };
		1438D02D1D0BB9A700321A02 /* BCChatServerInfo.h */ = {isa = PBXFileReference; fileEncoding = 4; lastKnownFileType = sourcecode.c.h; path = BCChatServerInfo.h; sourceTree = "<group>"; };
		1438D02E1D0BB9A700321A02 /* BCChatServerInfo.m */ = {isa = PBXFileReference; fileEncoding = 4; lastKnownFileType = sourcecode.c.objc; path = BCChatServerInfo.m; sourceTree = "<group>"; };
		147611E81D08491D0030307C /* BlueChatLib.framework */ = {isa = PBXFileReference; explicitFileType = wrapper.framework; includeInIndex = 0; path = BlueChatLib.framework; sourceTree = BUILT_PRODUCTS_DIR; };
		147611EB1D08491D0030307C /* BlueChatLib.h */ = {isa = PBXFileReference; lastKnownFileType = sourcecode.c.h; path = BlueChatLib.h; sourceTree = "<group>"; };
		147611ED1D08491D0030307C /* Info.plist */ = {isa = PBXFileReference; lastKnownFileType = text.plist.xml; path = Info.plist; sourceTree = "<group>"; };
		147611F21D08491D0030307C /* BlueChatLibTests.xctest */ = {isa = PBXFileReference; explicitFileType = wrapper.cfbundle; includeInIndex = 0; path = BlueChatLibTests.xctest; sourceTree = BUILT_PRODUCTS_DIR; };
		147611F71D08491D0030307C /* BlueChatLibTests.m */ = {isa = PBXFileReference; lastKnownFileType = sourcecode.c.objc; path = BlueChatLibTests.m; sourceTree = "<group>"; };
		147611F91D08491D0030307C /* Info.plist */ = {isa = PBXFileReference; lastKnownFileType = text.plist.xml; path = Info.plist; sourceTree = "<group>"; };
/* End PBXFileReference section */

/* Begin PBXFrameworksBuildPhase section */
		147611E41D08491D0030307C /* Frameworks */ = {
			isa = PBXFrameworksBuildPhase;
			buildActionMask = 2147483647;
			files = (
				1413E9F51D0857DF008350D4 /* CoreBluetooth.framework in Frameworks */,
			);
			runOnlyForDeploymentPostprocessing = 0;
		};
		147611EF1D08491D0030307C /* Frameworks */ = {
			isa = PBXFrameworksBuildPhase;
			buildActionMask = 2147483647;
			files = (
				147611F31D08491D0030307C /* BlueChatLib.framework in Frameworks */,
			);
			runOnlyForDeploymentPostprocessing = 0;
		};
/* End PBXFrameworksBuildPhase section */

/* Begin PBXGroup section */
		1413E9F61D0857E3008350D4 /* Framework */ = {
			isa = PBXGroup;
			children = (
				1413E9F41D0857DF008350D4 /* CoreBluetooth.framework */,
			);
			name = Framework;
			sourceTree = "<group>";
		};
		147611DE1D08491D0030307C = {
			isa = PBXGroup;
			children = (
				147611EA1D08491D0030307C /* BlueChatLib */,
				1413E9F61D0857E3008350D4 /* Framework */,
				147611F61D08491D0030307C /* BlueChatLibTests */,
				147611E91D08491D0030307C /* Products */,
			);
			sourceTree = "<group>";
		};
		147611E91D08491D0030307C /* Products */ = {
			isa = PBXGroup;
			children = (
				147611E81D08491D0030307C /* BlueChatLib.framework */,
				147611F21D08491D0030307C /* BlueChatLibTests.xctest */,
			);
			name = Products;
			sourceTree = "<group>";
		};
		147611EA1D08491D0030307C /* BlueChatLib */ = {
			isa = PBXGroup;
			children = (
				147611EB1D08491D0030307C /* BlueChatLib.h */,
				147611ED1D08491D0030307C /* Info.plist */,
				1438D0241D0AEB7400321A02 /* BCChatManagerInterface.h */,
				1413E9FA1D085EE7008350D4 /* BCConstants.h */,
				1413E9FC1D085F00008350D4 /* BCConstants.m */,
				1413E9E91D085721008350D4 /* BCChatServer.h */,
				1413E9EA1D085721008350D4 /* BCChatServer.m */,
				1438D0291D0BB88300321A02 /* BCChatClient.h */,
				1438D02A1D0BB88300321A02 /* BCChatClient.m */,
				1438D01C1D0AD0DA00321A02 /* BCMessage.h */,
				1438D01D1D0AD0DA00321A02 /* BCMessage.m */,
				1438D0201D0AD18D00321A02 /* BCMessageManager.h */,
				1438D0211D0AD18D00321A02 /* BCMessageManager.m */,
				1438D02D1D0BB9A700321A02 /* BCChatServerInfo.h */,
				1438D02E1D0BB9A700321A02 /* BCChatServerInfo.m */,
			);
			path = BlueChatLib;
			sourceTree = "<group>";
		};
		147611F61D08491D0030307C /* BlueChatLibTests */ = {
			isa = PBXGroup;
			children = (
				147611F71D08491D0030307C /* BlueChatLibTests.m */,
				147611F91D08491D0030307C /* Info.plist */,
			);
			path = BlueChatLibTests;
			sourceTree = "<group>";
		};
/* End PBXGroup section */

/* Begin PBXHeadersBuildPhase section */
		147611E51D08491D0030307C /* Headers */ = {
			isa = PBXHeadersBuildPhase;
			buildActionMask = 2147483647;
			files = (
				1438D02F1D0BB9A700321A02 /* BCChatServerInfo.h in Headers */,
				1438D02B1D0BB88300321A02 /* BCChatClient.h in Headers */,
				147611EC1D08491D0030307C /* BlueChatLib.h in Headers */,
				1413E9EB1D085721008350D4 /* BCChatServer.h in Headers */,
				1413E9FB1D085EE7008350D4 /* BCConstants.h in Headers */,
				1438D01E1D0AD0DA00321A02 /* BCMessage.h in Headers */,
				1438D0221D0AD18D00321A02 /* BCMessageManager.h in Headers */,
				1438D0251D0AEB7400321A02 /* BCChatManagerInterface.h in Headers */,
			);
			runOnlyForDeploymentPostprocessing = 0;
		};
/* End PBXHeadersBuildPhase section */

/* Begin PBXNativeTarget section */
		147611E71D08491D0030307C /* BlueChatLib */ = {
			isa = PBXNativeTarget;
			buildConfigurationList = 147611FC1D08491D0030307C /* Build configuration list for PBXNativeTarget "BlueChatLib" */;
			buildPhases = (
				147611E31D08491D0030307C /* Sources */,
				147611E41D08491D0030307C /* Frameworks */,
				147611E51D08491D0030307C /* Headers */,
				147611E61D08491D0030307C /* Resources */,
			);
			buildRules = (
			);
			dependencies = (
			);
			name = BlueChatLib;
			productName = BlueChatLib;
			productReference = 147611E81D08491D0030307C /* BlueChatLib.framework */;
			productType = "com.apple.product-type.framework";
		};
		147611F11D08491D0030307C /* BlueChatLibTests */ = {
			isa = PBXNativeTarget;
			buildConfigurationList = 147611FF1D08491D0030307C /* Build configuration list for PBXNativeTarget "BlueChatLibTests" */;
			buildPhases = (
				147611EE1D08491D0030307C /* Sources */,
				147611EF1D08491D0030307C /* Frameworks */,
				147611F01D08491D0030307C /* Resources */,
			);
			buildRules = (
			);
			dependencies = (
				147611F51D08491D0030307C /* PBXTargetDependency */,
			);
			name = BlueChatLibTests;
			productName = BlueChatLibTests;
			productReference = 147611F21D08491D0030307C /* BlueChatLibTests.xctest */;
			productType = "com.apple.product-type.bundle.unit-test";
		};
/* End PBXNativeTarget section */

/* Begin PBXProject section */
		147611DF1D08491D0030307C /* Project object */ = {
			isa = PBXProject;
			attributes = {
				LastUpgradeCheck = 0730;
				ORGANIZATIONNAME = "Max Zou";
				TargetAttributes = {
					147611E71D08491D0030307C = {
						CreatedOnToolsVersion = 7.3.1;
					};
					147611F11D08491D0030307C = {
						CreatedOnToolsVersion = 7.3.1;
					};
				};
			};
			buildConfigurationList = 147611E21D08491D0030307C /* Build configuration list for PBXProject "BlueChatLib" */;
			compatibilityVersion = "Xcode 3.2";
			developmentRegion = English;
			hasScannedForEncodings = 0;
			knownRegions = (
				en,
			);
			mainGroup = 147611DE1D08491D0030307C;
			productRefGroup = 147611E91D08491D0030307C /* Products */;
			projectDirPath = "";
			projectRoot = "";
			targets = (
				147611E71D08491D0030307C /* BlueChatLib */,
				147611F11D08491D0030307C /* BlueChatLibTests */,
			);
		};
/* End PBXProject section */

/* Begin PBXResourcesBuildPhase section */
		147611E61D08491D0030307C /* Resources */ = {
			isa = PBXResourcesBuildPhase;
			buildActionMask = 2147483647;
			files = (
			);
			runOnlyForDeploymentPostprocessing = 0;
		};
		147611F01D08491D0030307C /* Resources */ = {
			isa = PBXResourcesBuildPhase;
			buildActionMask = 2147483647;
			files = (
			);
			runOnlyForDeploymentPostprocessing = 0;
		};
/* End PBXResourcesBuildPhase section */

/* Begin PBXSourcesBuildPhase section */
		147611E31D08491D0030307C /* Sources */ = {
			isa = PBXSourcesBuildPhase;
			buildActionMask = 2147483647;
			files = (
				1413E9FD1D085F00008350D4 /* BCConstants.m in Sources */,
				1438D02C1D0BB88300321A02 /* BCChatClient.m in Sources */,
				1438D01F1D0AD0DA00321A02 /* BCMessage.m in Sources */,
				1438D0231D0AD18D00321A02 /* BCMessageManager.m in Sources */,
				1413E9EC1D085721008350D4 /* BCChatServer.m in Sources */,
				1438D0301D0BB9A700321A02 /* BCChatServerInfo.m in Sources */,
			);
			runOnlyForDeploymentPostprocessing = 0;
		};
		147611EE1D08491D0030307C /* Sources */ = {
			isa = PBXSourcesBuildPhase;
			buildActionMask = 2147483647;
			files = (
				147611F81D08491D0030307C /* BlueChatLibTests.m in Sources */,
			);
			runOnlyForDeploymentPostprocessing = 0;
		};
/* End PBXSourcesBuildPhase section */

/* Begin PBXTargetDependency section */
		147611F51D08491D0030307C /* PBXTargetDependency */ = {
			isa = PBXTargetDependency;
			target = 147611E71D08491D0030307C /* BlueChatLib */;
			targetProxy = 147611F41D08491D0030307C /* PBXContainerItemProxy */;
		};
/* End PBXTargetDependency section */

/* Begin XCBuildConfiguration section */
		147611FA1D08491D0030307C /* Debug */ = {
			isa = XCBuildConfiguration;
			buildSettings = {
				ALWAYS_SEARCH_USER_PATHS = NO;
				CLANG_ANALYZER_NONNULL = YES;
				CLANG_CXX_LANGUAGE_STANDARD = "gnu++0x";
				CLANG_CXX_LIBRARY = "libc++";
				CLANG_ENABLE_MODULES = YES;
				CLANG_ENABLE_OBJC_ARC = YES;
				CLANG_WARN_BOOL_CONVERSION = YES;
				CLANG_WARN_CONSTANT_CONVERSION = YES;
				CLANG_WARN_DIRECT_OBJC_ISA_USAGE = YES_ERROR;
				CLANG_WARN_EMPTY_BODY = YES;
				CLANG_WARN_ENUM_CONVERSION = YES;
				CLANG_WARN_INT_CONVERSION = YES;
				CLANG_WARN_OBJC_ROOT_CLASS = YES_ERROR;
				CLANG_WARN_UNREACHABLE_CODE = YES;
				CLANG_WARN__DUPLICATE_METHOD_MATCH = YES;
				"CODE_SIGN_IDENTITY[sdk=iphoneos*]" = "iPhone Developer";
				COPY_PHASE_STRIP = NO;
				CURRENT_PROJECT_VERSION = 1;
				DEBUG_INFORMATION_FORMAT = dwarf;
				ENABLE_STRICT_OBJC_MSGSEND = YES;
				ENABLE_TESTABILITY = YES;
				GCC_C_LANGUAGE_STANDARD = gnu99;
				GCC_DYNAMIC_NO_PIC = NO;
				GCC_NO_COMMON_BLOCKS = YES;
				GCC_OPTIMIZATION_LEVEL = 0;
				GCC_PREPROCESSOR_DEFINITIONS = (
					"DEBUG=1",
					"$(inherited)",
				);
				GCC_WARN_64_TO_32_BIT_CONVERSION = YES;
				GCC_WARN_ABOUT_RETURN_TYPE = YES_ERROR;
				GCC_WARN_UNDECLARED_SELECTOR = YES;
				GCC_WARN_UNINITIALIZED_AUTOS = YES_AGGRESSIVE;
				GCC_WARN_UNUSED_FUNCTION = YES;
				GCC_WARN_UNUSED_VARIABLE = YES;
				IPHONEOS_DEPLOYMENT_TARGET = 9.3;
				MTL_ENABLE_DEBUG_INFO = YES;
				ONLY_ACTIVE_ARCH = YES;
				SDKROOT = iphoneos;
				TARGETED_DEVICE_FAMILY = "1,2";
				VERSIONING_SYSTEM = "apple-generic";
				VERSION_INFO_PREFIX = "";
			};
			name = Debug;
		};
		147611FB1D08491D0030307C /* Release */ = {
			isa = XCBuildConfiguration;
			buildSettings = {
				ALWAYS_SEARCH_USER_PATHS = NO;
				CLANG_ANALYZER_NONNULL = YES;
				CLANG_CXX_LANGUAGE_STANDARD = "gnu++0x";
				CLANG_CXX_LIBRARY = "libc++";
				CLANG_ENABLE_MODULES = YES;
				CLANG_ENABLE_OBJC_ARC = YES;
				CLANG_WARN_BOOL_CONVERSION = YES;
				CLANG_WARN_CONSTANT_CONVERSION = YES;
				CLANG_WARN_DIRECT_OBJC_ISA_USAGE = YES_ERROR;
				CLANG_WARN_EMPTY_BODY = YES;
				CLANG_WARN_ENUM_CONVERSION = YES;
				CLANG_WARN_INT_CONVERSION = YES;
				CLANG_WARN_OBJC_ROOT_CLASS = YES_ERROR;
				CLANG_WARN_UNREACHABLE_CODE = YES;
				CLANG_WARN__DUPLICATE_METHOD_MATCH = YES;
				"CODE_SIGN_IDENTITY[sdk=iphoneos*]" = "iPhone Developer";
				COPY_PHASE_STRIP = NO;
				CURRENT_PROJECT_VERSION = 1;
				DEBUG_INFORMATION_FORMAT = "dwarf-with-dsym";
				ENABLE_NS_ASSERTIONS = NO;
				ENABLE_STRICT_OBJC_MSGSEND = YES;
				GCC_C_LANGUAGE_STANDARD = gnu99;
				GCC_NO_COMMON_BLOCKS = YES;
				GCC_WARN_64_TO_32_BIT_CONVERSION = YES;
				GCC_WARN_ABOUT_RETURN_TYPE = YES_ERROR;
				GCC_WARN_UNDECLARED_SELECTOR = YES;
				GCC_WARN_UNINITIALIZED_AUTOS = YES_AGGRESSIVE;
				GCC_WARN_UNUSED_FUNCTION = YES;
				GCC_WARN_UNUSED_VARIABLE = YES;
				IPHONEOS_DEPLOYMENT_TARGET = 9.3;
				MTL_ENABLE_DEBUG_INFO = NO;
				SDKROOT = iphoneos;
				TARGETED_DEVICE_FAMILY = "1,2";
				VALIDATE_PRODUCT = YES;
				VERSIONING_SYSTEM = "apple-generic";
				VERSION_INFO_PREFIX = "";
			};
			name = Release;
		};
		147611FD1D08491D0030307C /* Debug */ = {
			isa = XCBuildConfiguration;
			buildSettings = {
				DEFINES_MODULE = YES;
				DYLIB_COMPATIBILITY_VERSION = 1;
				DYLIB_CURRENT_VERSION = 1;
				DYLIB_INSTALL_NAME_BASE = "@rpath";
				INFOPLIST_FILE = BlueChatLib/Info.plist;
				INSTALL_PATH = "$(LOCAL_LIBRARY_DIR)/Frameworks";
				LD_RUNPATH_SEARCH_PATHS = "$(inherited) @executable_path/Frameworks @loader_path/Frameworks";
				PRODUCT_BUNDLE_IDENTIFIER = com.solarjoke.BlueChatLib;
				PRODUCT_NAME = "$(TARGET_NAME)";
				SKIP_INSTALL = YES;
			};
			name = Debug;
		};
		147611FE1D08491D0030307C /* Release */ = {
			isa = XCBuildConfiguration;
			buildSettings = {
				DEFINES_MODULE = YES;
				DYLIB_COMPATIBILITY_VERSION = 1;
				DYLIB_CURRENT_VERSION = 1;
				DYLIB_INSTALL_NAME_BASE = "@rpath";
				INFOPLIST_FILE = BlueChatLib/Info.plist;
				INSTALL_PATH = "$(LOCAL_LIBRARY_DIR)/Frameworks";
				LD_RUNPATH_SEARCH_PATHS = "$(inherited) @executable_path/Frameworks @loader_path/Frameworks";
				PRODUCT_BUNDLE_IDENTIFIER = com.solarjoke.BlueChatLib;
				PRODUCT_NAME = "$(TARGET_NAME)";
				SKIP_INSTALL = YES;
			};
			name = Release;
		};
		147612001D08491D0030307C /* Debug */ = {
			isa = XCBuildConfiguration;
			buildSettings = {
				INFOPLIST_FILE = BlueChatLibTests/Info.plist;
				LD_RUNPATH_SEARCH_PATHS = "$(inherited) @executable_path/Frameworks @loader_path/Frameworks";
				PRODUCT_BUNDLE_IDENTIFIER = com.solarjoke.BlueChatLibTests;
				PRODUCT_NAME = "$(TARGET_NAME)";
			};
			name = Debug;
		};
		147612011D08491D0030307C /* Release */ = {
			isa = XCBuildConfiguration;
			buildSettings = {
				INFOPLIST_FILE = BlueChatLibTests/Info.plist;
				LD_RUNPATH_SEARCH_PATHS = "$(inherited) @executable_path/Frameworks @loader_path/Frameworks";
				PRODUCT_BUNDLE_IDENTIFIER = com.solarjoke.BlueChatLibTests;
				PRODUCT_NAME = "$(TARGET_NAME)";
			};
			name = Release;
		};
/* End XCBuildConfiguration section */

/* Begin XCConfigurationList section */
		147611E21D08491D0030307C /* Build configuration list for PBXProject "BlueChatLib" */ = {
			isa = XCConfigurationList;
			buildConfigurations = (
				147611FA1D08491D0030307C /* Debug */,
				147611FB1D08491D0030307C /* Release */,
			);
			defaultConfigurationIsVisible = 0;
			defaultConfigurationName = Release;
		};
		147611FC1D08491D0030307C /* Build configuration list for PBXNativeTarget "BlueChatLib" */ = {
			isa = XCConfigurationList;
			buildConfigurations = (
				147611FD1D08491D0030307C /* Debug */,
				147611FE1D08491D0030307C /* Release */,
			);
			defaultConfigurationIsVisible = 0;
			defaultConfigurationName = Release;
		};
		147611FF1D08491D0030307C /* Build configuration list for PBXNativeTarget "BlueChatLibTests" */ = {
			isa = XCConfigurationList;
			buildConfigurations = (
				147612001D08491D0030307C /* Debug */,
				147612011D08491D0030307C /* Release */,
			);
			defaultConfigurationIsVisible = 0;
			defaultConfigurationName = Release;
		};
/* End XCConfigurationList section */
	};
	rootObject = 147611DF1D08491D0030307C /* Project object */;
}
